// !$*UTF8*$!
{
	archiveVersion = 1;
	classes = {
	};
	objectVersion = 52;
	objects = {

/* Begin PBXBuildFile section */
		FCAFC533260333A0008E00FE /* ExchangeRate.swift in Sources */ = {isa = PBXBuildFile; fileRef = FCAFC532260333A0008E00FE /* ExchangeRate.swift */; };
		FCD0DED62600BA7A00CB4795 /* AppDelegate.swift in Sources */ = {isa = PBXBuildFile; fileRef = FCD0DED52600BA7A00CB4795 /* AppDelegate.swift */; };
		FCD0DED82600BA7A00CB4795 /* SceneDelegate.swift in Sources */ = {isa = PBXBuildFile; fileRef = FCD0DED72600BA7A00CB4795 /* SceneDelegate.swift */; };
		FCD0DEDA2600BA7A00CB4795 /* ViewController.swift in Sources */ = {isa = PBXBuildFile; fileRef = FCD0DED92600BA7A00CB4795 /* ViewController.swift */; };
		FCD0DEDD2600BA7A00CB4795 /* Main.storyboard in Resources */ = {isa = PBXBuildFile; fileRef = FCD0DEDB2600BA7A00CB4795 /* Main.storyboard */; };
		FCD0DEE02600BA7A00CB4795 /* Exchange_Rates.xcdatamodeld in Sources */ = {isa = PBXBuildFile; fileRef = FCD0DEDE2600BA7A00CB4795 /* Exchange_Rates.xcdatamodeld */; };
		FCD0DEE22600BA7B00CB4795 /* Assets.xcassets in Resources */ = {isa = PBXBuildFile; fileRef = FCD0DEE12600BA7B00CB4795 /* Assets.xcassets */; };
		FCD0DEE52600BA7B00CB4795 /* LaunchScreen.storyboard in Resources */ = {isa = PBXBuildFile; fileRef = FCD0DEE32600BA7B00CB4795 /* LaunchScreen.storyboard */; };
		FCD0DEEF2600BAC300CB4795 /* Alamofire in Frameworks */ = {isa = PBXBuildFile; productRef = FCD0DEEE2600BAC300CB4795 /* Alamofire */; };
		FCD0DEF32600BAD800CB4795 /* IQKeyboardManagerSwift in Frameworks */ = {isa = PBXBuildFile; productRef = FCD0DEF22600BAD800CB4795 /* IQKeyboardManagerSwift */; };
/* End PBXBuildFile section */

/* Begin PBXFileReference section */
		FCAFC532260333A0008E00FE /* ExchangeRate.swift */ = {isa = PBXFileReference; lastKnownFileType = sourcecode.swift; path = ExchangeRate.swift; sourceTree = "<group>"; };
		FCD0DED22600BA7A00CB4795 /* Exchange Rates.app */ = {isa = PBXFileReference; explicitFileType = wrapper.application; includeInIndex = 0; path = "Exchange Rates.app"; sourceTree = BUILT_PRODUCTS_DIR; };
		FCD0DED52600BA7A00CB4795 /* AppDelegate.swift */ = {isa = PBXFileReference; lastKnownFileType = sourcecode.swift; path = AppDelegate.swift; sourceTree = "<group>"; };
		FCD0DED72600BA7A00CB4795 /* SceneDelegate.swift */ = {isa = PBXFileReference; lastKnownFileType = sourcecode.swift; path = SceneDelegate.swift; sourceTree = "<group>"; };
		FCD0DED92600BA7A00CB4795 /* ViewController.swift */ = {isa = PBXFileReference; lastKnownFileType = sourcecode.swift; path = ViewController.swift; sourceTree = "<group>"; };
		FCD0DEDC2600BA7A00CB4795 /* Base */ = {isa = PBXFileReference; lastKnownFileType = file.storyboard; name = Base; path = Base.lproj/Main.storyboard; sourceTree = "<group>"; };
		FCD0DEDF2600BA7A00CB4795 /* Exchange_Rates.xcdatamodel */ = {isa = PBXFileReference; lastKnownFileType = wrapper.xcdatamodel; path = Exchange_Rates.xcdatamodel; sourceTree = "<group>"; };
		FCD0DEE12600BA7B00CB4795 /* Assets.xcassets */ = {isa = PBXFileReference; lastKnownFileType = folder.assetcatalog; path = Assets.xcassets; sourceTree = "<group>"; };
		FCD0DEE42600BA7B00CB4795 /* Base */ = {isa = PBXFileReference; lastKnownFileType = file.storyboard; name = Base; path = Base.lproj/LaunchScreen.storyboard; sourceTree = "<group>"; };
		FCD0DEE62600BA7B00CB4795 /* Info.plist */ = {isa = PBXFileReference; lastKnownFileType = text.plist.xml; path = Info.plist; sourceTree = "<group>"; };
/* End PBXFileReference section */

/* Begin PBXFrameworksBuildPhase section */
		FCD0DECF2600BA7A00CB4795 /* Frameworks */ = {
			isa = PBXFrameworksBuildPhase;
			buildActionMask = 2147483647;
			files = (
				FCD0DEEF2600BAC300CB4795 /* Alamofire in Frameworks */,
				FCD0DEF32600BAD800CB4795 /* IQKeyboardManagerSwift in Frameworks */,
			);
			runOnlyForDeploymentPostprocessing = 0;
		};
/* End PBXFrameworksBuildPhase section */

/* Begin PBXGroup section */
		FCD0DEC92600BA7A00CB4795 = {
			isa = PBXGroup;
			children = (
				FCD0DED42600BA7A00CB4795 /* Exchange Rates */,
				FCD0DED32600BA7A00CB4795 /* Products */,
			);
			sourceTree = "<group>";
		};
		FCD0DED32600BA7A00CB4795 /* Products */ = {
			isa = PBXGroup;
			children = (
				FCD0DED22600BA7A00CB4795 /* Exchange Rates.app */,
			);
			name = Products;
			sourceTree = "<group>";
		};
		FCD0DED42600BA7A00CB4795 /* Exchange Rates */ = {
			isa = PBXGroup;
			children = (
				FCD0DF002600C8AD00CB4795 /* Model */,
				FCD0DEFD2600C87300CB4795 /* ViewController */,
				FCD0DEFF2600C8A100CB4795 /* View */,
				FCD0DEFC2600C86300CB4795 /* Delegates */,
				FCD0DEE32600BA7B00CB4795 /* LaunchScreen.storyboard */,
				FCD0DEE12600BA7B00CB4795 /* Assets.xcassets */,
				FCD0DEE62600BA7B00CB4795 /* Info.plist */,
			);
			path = "Exchange Rates";
			sourceTree = "<group>";
		};
		FCD0DEFC2600C86300CB4795 /* Delegates */ = {
			isa = PBXGroup;
			children = (
				FCD0DED52600BA7A00CB4795 /* AppDelegate.swift */,
				FCD0DED72600BA7A00CB4795 /* SceneDelegate.swift */,
			);
			path = Delegates;
			sourceTree = "<group>";
		};
		FCD0DEFD2600C87300CB4795 /* ViewController */ = {
			isa = PBXGroup;
			children = (
				FCD0DED92600BA7A00CB4795 /* ViewController.swift */,
			);
			path = ViewController;
			sourceTree = "<group>";
		};
		FCD0DEFF2600C8A100CB4795 /* View */ = {
			isa = PBXGroup;
			children = (
				FCD0DEDB2600BA7A00CB4795 /* Main.storyboard */,
			);
			path = View;
			sourceTree = "<group>";
		};
		FCD0DF002600C8AD00CB4795 /* Model */ = {
			isa = PBXGroup;
			children = (
				FCD0DEDE2600BA7A00CB4795 /* Exchange_Rates.xcdatamodeld */,
				FCAFC532260333A0008E00FE /* ExchangeRate.swift */,
			);
			path = Model;
			sourceTree = "<group>";
		};
/* End PBXGroup section */

/* Begin PBXNativeTarget section */
		FCD0DED12600BA7A00CB4795 /* Exchange Rates */ = {
			isa = PBXNativeTarget;
			buildConfigurationList = FCD0DEE92600BA7B00CB4795 /* Build configuration list for PBXNativeTarget "Exchange Rates" */;
			buildPhases = (
				FCD0DECE2600BA7A00CB4795 /* Sources */,
				FCD0DECF2600BA7A00CB4795 /* Frameworks */,
				FCD0DED02600BA7A00CB4795 /* Resources */,
			);
			buildRules = (
			);
			dependencies = (
			);
			name = "Exchange Rates";
			packageProductDependencies = (
				FCD0DEEE2600BAC300CB4795 /* Alamofire */,
				FCD0DEF22600BAD800CB4795 /* IQKeyboardManagerSwift */,
			);
			productName = "Exchange Rates";
			productReference = FCD0DED22600BA7A00CB4795 /* Exchange Rates.app */;
			productType = "com.apple.product-type.application";
		};
/* End PBXNativeTarget section */

/* Begin PBXProject section */
		FCD0DECA2600BA7A00CB4795 /* Project object */ = {
			isa = PBXProject;
			attributes = {
				LastSwiftUpdateCheck = 1240;
				LastUpgradeCheck = 1240;
				TargetAttributes = {
					FCD0DED12600BA7A00CB4795 = {
						CreatedOnToolsVersion = 12.4;
					};
				};
			};
			buildConfigurationList = FCD0DECD2600BA7A00CB4795 /* Build configuration list for PBXProject "Exchange Rates" */;
			compatibilityVersion = "Xcode 9.3";
			developmentRegion = en;
			hasScannedForEncodings = 0;
			knownRegions = (
				en,
				Base,
			);
			mainGroup = FCD0DEC92600BA7A00CB4795;
			packageReferences = (
				FCD0DEED2600BAC300CB4795 /* XCRemoteSwiftPackageReference "Alamofire" */,
				FCD0DEF12600BAD800CB4795 /* XCRemoteSwiftPackageReference "IQKeyboardManager" */,
			);
			productRefGroup = FCD0DED32600BA7A00CB4795 /* Products */;
			projectDirPath = "";
			projectRoot = "";
			targets = (
				FCD0DED12600BA7A00CB4795 /* Exchange Rates */,
			);
		};
/* End PBXProject section */

/* Begin PBXResourcesBuildPhase section */
		FCD0DED02600BA7A00CB4795 /* Resources */ = {
			isa = PBXResourcesBuildPhase;
			buildActionMask = 2147483647;
			files = (
				FCD0DEE52600BA7B00CB4795 /* LaunchScreen.storyboard in Resources */,
				FCD0DEE22600BA7B00CB4795 /* Assets.xcassets in Resources */,
				FCD0DEDD2600BA7A00CB4795 /* Main.storyboard in Resources */,
			);
			runOnlyForDeploymentPostprocessing = 0;
		};
/* End PBXResourcesBuildPhase section */

/* Begin PBXSourcesBuildPhase section */
		FCD0DECE2600BA7A00CB4795 /* Sources */ = {
			isa = PBXSourcesBuildPhase;
			buildActionMask = 2147483647;
			files = (
				FCD0DEE02600BA7A00CB4795 /* Exchange_Rates.xcdatamodeld in Sources */,
				FCAFC533260333A0008E00FE /* ExchangeRate.swift in Sources */,
				FCD0DEDA2600BA7A00CB4795 /* ViewController.swift in Sources */,
				FCD0DED62600BA7A00CB4795 /* AppDelegate.swift in Sources */,
				FCD0DED82600BA7A00CB4795 /* SceneDelegate.swift in Sources */,
			);
			runOnlyForDeploymentPostprocessing = 0;
		};
/* End PBXSourcesBuildPhase section */

/* Begin PBXVariantGroup section */
		FCD0DEDB2600BA7A00CB4795 /* Main.storyboard */ = {
			isa = PBXVariantGroup;
			children = (
				FCD0DEDC2600BA7A00CB4795 /* Base */,
			);
			name = Main.storyboard;
			sourceTree = "<group>";
		};
		FCD0DEE32600BA7B00CB4795 /* LaunchScreen.storyboard */ = {
			isa = PBXVariantGroup;
			children = (
				FCD0DEE42600BA7B00CB4795 /* Base */,
			);
			name = LaunchScreen.storyboard;
			sourceTree = "<group>";
		};
/* End PBXVariantGroup section */

/* Begin XCBuildConfiguration section */
		FCD0DEE72600BA7B00CB4795 /* Debug */ = {
			isa = XCBuildConfiguration;
			buildSettings = {
				ALWAYS_SEARCH_USER_PATHS = NO;
				CLANG_ANALYZER_NONNULL = YES;
				CLANG_ANALYZER_NUMBER_OBJECT_CONVERSION = YES_AGGRESSIVE;
				CLANG_CXX_LANGUAGE_STANDARD = "gnu++14";
				CLANG_CXX_LIBRARY = "libc++";
				CLANG_ENABLE_MODULES = YES;
				CLANG_ENABLE_OBJC_ARC = YES;
				CLANG_ENABLE_OBJC_WEAK = YES;
				CLANG_WARN_BLOCK_CAPTURE_AUTORELEASING = YES;
				CLANG_WARN_BOOL_CONVERSION = YES;
				CLANG_WARN_COMMA = YES;
				CLANG_WARN_CONSTANT_CONVERSION = YES;
				CLANG_WARN_DEPRECATED_OBJC_IMPLEMENTATIONS = YES;
				CLANG_WARN_DIRECT_OBJC_ISA_USAGE = YES_ERROR;
				CLANG_WARN_DOCUMENTATION_COMMENTS = YES;
				CLANG_WARN_EMPTY_BODY = YES;
				CLANG_WARN_ENUM_CONVERSION = YES;
				CLANG_WARN_INFINITE_RECURSION = YES;
				CLANG_WARN_INT_CONVERSION = YES;
				CLANG_WARN_NON_LITERAL_NULL_CONVERSION = YES;
				CLANG_WARN_OBJC_IMPLICIT_RETAIN_SELF = YES;
				CLANG_WARN_OBJC_LITERAL_CONVERSION = YES;
				CLANG_WARN_OBJC_ROOT_CLASS = YES_ERROR;
				CLANG_WARN_QUOTED_INCLUDE_IN_FRAMEWORK_HEADER = YES;
				CLANG_WARN_RANGE_LOOP_ANALYSIS = YES;
				CLANG_WARN_STRICT_PROTOTYPES = YES;
				CLANG_WARN_SUSPICIOUS_MOVE = YES;
				CLANG_WARN_UNGUARDED_AVAILABILITY = YES_AGGRESSIVE;
				CLANG_WARN_UNREACHABLE_CODE = YES;
				CLANG_WARN__DUPLICATE_METHOD_MATCH = YES;
				COPY_PHASE_STRIP = NO;
				DEBUG_INFORMATION_FORMAT = dwarf;
				ENABLE_STRICT_OBJC_MSGSEND = YES;
				ENABLE_TESTABILITY = YES;
				GCC_C_LANGUAGE_STANDARD = gnu11;
				GCC_DYNAMIC_NO_PIC = NO;
				GCC_NO_COMMON_BLOCKS = YES;
				GCC_OPTIMIZATION_LEVEL = 0;
				GCC_PREPROCESSOR_DEFINITIONS = (
					"DEBUG=1",
					"$(inherited)",
				);
				GCC_WARN_64_TO_32_BIT_CONVERSION = YES;
				GCC_WARN_ABOUT_RETURN_TYPE = YES_ERROR;
				GCC_WARN_UNDECLARED_SELECTOR = YES;
				GCC_WARN_UNINITIALIZED_AUTOS = YES_AGGRESSIVE;
				GCC_WARN_UNUSED_FUNCTION = YES;
				GCC_WARN_UNUSED_VARIABLE = YES;
				IPHONEOS_DEPLOYMENT_TARGET = 13.0;
				MTL_ENABLE_DEBUG_INFO = INCLUDE_SOURCE;
				MTL_FAST_MATH = YES;
				ONLY_ACTIVE_ARCH = YES;
				SDKROOT = iphoneos;
				SWIFT_ACTIVE_COMPILATION_CONDITIONS = DEBUG;
				SWIFT_OPTIMIZATION_LEVEL = "-Onone";
			};
			name = Debug;
		};
		FCD0DEE82600BA7B00CB4795 /* Release */ = {
			isa = XCBuildConfiguration;
			buildSettings = {
				ALWAYS_SEARCH_USER_PATHS = NO;
				CLANG_ANALYZER_NONNULL = YES;
				CLANG_ANALYZER_NUMBER_OBJECT_CONVERSION = YES_AGGRESSIVE;
				CLANG_CXX_LANGUAGE_STANDARD = "gnu++14";
				CLANG_CXX_LIBRARY = "libc++";
				CLANG_ENABLE_MODULES = YES;
				CLANG_ENABLE_OBJC_ARC = YES;
				CLANG_ENABLE_OBJC_WEAK = YES;
				CLANG_WARN_BLOCK_CAPTURE_AUTORELEASING = YES;
				CLANG_WARN_BOOL_CONVERSION = YES;
				CLANG_WARN_COMMA = YES;
				CLANG_WARN_CONSTANT_CONVERSION = YES;
				CLANG_WARN_DEPRECATED_OBJC_IMPLEMENTATIONS = YES;
				CLANG_WARN_DIRECT_OBJC_ISA_USAGE = YES_ERROR;
				CLANG_WARN_DOCUMENTATION_COMMENTS = YES;
				CLANG_WARN_EMPTY_BODY = YES;
				CLANG_WARN_ENUM_CONVERSION = YES;
				CLANG_WARN_INFINITE_RECURSION = YES;
				CLANG_WARN_INT_CONVERSION = YES;
				CLANG_WARN_NON_LITERAL_NULL_CONVERSION = YES;
				CLANG_WARN_OBJC_IMPLICIT_RETAIN_SELF = YES;
				CLANG_WARN_OBJC_LITERAL_CONVERSION = YES;
				CLANG_WARN_OBJC_ROOT_CLASS = YES_ERROR;
				CLANG_WARN_QUOTED_INCLUDE_IN_FRAMEWORK_HEADER = YES;
				CLANG_WARN_RANGE_LOOP_ANALYSIS = YES;
				CLANG_WARN_STRICT_PROTOTYPES = YES;
				CLANG_WARN_SUSPICIOUS_MOVE = YES;
				CLANG_WARN_UNGUARDED_AVAILABILITY = YES_AGGRESSIVE;
				CLANG_WARN_UNREACHABLE_CODE = YES;
				CLANG_WARN__DUPLICATE_METHOD_MATCH = YES;
				COPY_PHASE_STRIP = NO;
				DEBUG_INFORMATION_FORMAT = "dwarf-with-dsym";
				ENABLE_NS_ASSERTIONS = NO;
				ENABLE_STRICT_OBJC_MSGSEND = YES;
				GCC_C_LANGUAGE_STANDARD = gnu11;
				GCC_NO_COMMON_BLOCKS = YES;
				GCC_WARN_64_TO_32_BIT_CONVERSION = YES;
				GCC_WARN_ABOUT_RETURN_TYPE = YES_ERROR;
				GCC_WARN_UNDECLARED_SELECTOR = YES;
				GCC_WARN_UNINITIALIZED_AUTOS = YES_AGGRESSIVE;
				GCC_WARN_UNUSED_FUNCTION = YES;
				GCC_WARN_UNUSED_VARIABLE = YES;
				IPHONEOS_DEPLOYMENT_TARGET = 13.0;
				MTL_ENABLE_DEBUG_INFO = NO;
				MTL_FAST_MATH = YES;
				SDKROOT = iphoneos;
				SWIFT_COMPILATION_MODE = wholemodule;
				SWIFT_OPTIMIZATION_LEVEL = "-O";
				VALIDATE_PRODUCT = YES;
			};
			name = Release;
		};
		FCD0DEEA2600BA7B00CB4795 /* Debug */ = {
			isa = XCBuildConfiguration;
			buildSettings = {
				ASSETCATALOG_COMPILER_APPICON_NAME = AppIcon;
				ASSETCATALOG_COMPILER_GLOBAL_ACCENT_COLOR_NAME = AccentColor;
				CODE_SIGN_STYLE = Automatic;
				DEVELOPMENT_TEAM = 65PN49W5R6;
				INFOPLIST_FILE = "Exchange Rates/Info.plist";
				IPHONEOS_DEPLOYMENT_TARGET = 13.0;
				LD_RUNPATH_SEARCH_PATHS = (
					"$(inherited)",
					"@executable_path/Frameworks",
				);
				PRODUCT_BUNDLE_IDENTIFIER = "com.JonathanNg.Exchange-Rates";
				PRODUCT_NAME = "$(TARGET_NAME)";
				SWIFT_VERSION = 5.0;
				TARGETED_DEVICE_FAMILY = "1,2";
			};
			name = Debug;
		};
		FCD0DEEB2600BA7B00CB4795 /* Release */ = {
			isa = XCBuildConfiguration;
			buildSettings = {
				ASSETCATALOG_COMPILER_APPICON_NAME = AppIcon;
				ASSETCATALOG_COMPILER_GLOBAL_ACCENT_COLOR_NAME = AccentColor;
				CODE_SIGN_STYLE = Automatic;
				DEVELOPMENT_TEAM = 65PN49W5R6;
				INFOPLIST_FILE = "Exchange Rates/Info.plist";
				IPHONEOS_DEPLOYMENT_TARGET = 13.0;
				LD_RUNPATH_SEARCH_PATHS = (
					"$(inherited)",
					"@executable_path/Frameworks",
				);
				PRODUCT_BUNDLE_IDENTIFIER = "com.JonathanNg.Exchange-Rates";
				PRODUCT_NAME = "$(TARGET_NAME)";
				SWIFT_VERSION = 5.0;
				TARGETED_DEVICE_FAMILY = "1,2";
			};
			name = Release;
		};
/* End XCBuildConfiguration section */

/* Begin XCConfigurationList section */
		FCD0DECD2600BA7A00CB4795 /* Build configuration list for PBXProject "Exchange Rates" */ = {
			isa = XCConfigurationList;
			buildConfigurations = (
				FCD0DEE72600BA7B00CB4795 /* Debug */,
				FCD0DEE82600BA7B00CB4795 /* Release */,
			);
			defaultConfigurationIsVisible = 0;
			defaultConfigurationName = Release;
		};
		FCD0DEE92600BA7B00CB4795 /* Build configuration list for PBXNativeTarget "Exchange Rates" */ = {
			isa = XCConfigurationList;
			buildConfigurations = (
				FCD0DEEA2600BA7B00CB4795 /* Debug */,
				FCD0DEEB2600BA7B00CB4795 /* Release */,
			);
			defaultConfigurationIsVisible = 0;
			defaultConfigurationName = Release;
		};
/* End XCConfigurationList section */

/* Begin XCRemoteSwiftPackageReference section */
		FCD0DEED2600BAC300CB4795 /* XCRemoteSwiftPackageReference "Alamofire" */ = {
			isa = XCRemoteSwiftPackageReference;
			repositoryURL = "https://github.com/Alamofire/Alamofire.git";
			requirement = {
				kind = upToNextMajorVersion;
				minimumVersion = 5.4.1;
			};
		};
		FCD0DEF12600BAD800CB4795 /* XCRemoteSwiftPackageReference "IQKeyboardManager" */ = {
			isa = XCRemoteSwiftPackageReference;
			repositoryURL = "https://github.com/hackiftekhar/IQKeyboardManager";
			requirement = {
				kind = upToNextMajorVersion;
				minimumVersion = 6.5.6;
			};
		};
/* End XCRemoteSwiftPackageReference section */

/* Begin XCSwiftPackageProductDependency section */
		FCD0DEEE2600BAC300CB4795 /* Alamofire */ = {
			isa = XCSwiftPackageProductDependency;
			package = FCD0DEED2600BAC300CB4795 /* XCRemoteSwiftPackageReference "Alamofire" */;
			productName = Alamofire;
		};
		FCD0DEF22600BAD800CB4795 /* IQKeyboardManagerSwift */ = {
			isa = XCSwiftPackageProductDependency;
			package = FCD0DEF12600BAD800CB4795 /* XCRemoteSwiftPackageReference "IQKeyboardManager" */;
			productName = IQKeyboardManagerSwift;
		};
/* End XCSwiftPackageProductDependency section */

/* Begin XCVersionGroup section */
		FCD0DEDE2600BA7A00CB4795 /* Exchange_Rates.xcdatamodeld */ = {
			isa = XCVersionGroup;
			children = (
				FCD0DEDF2600BA7A00CB4795 /* Exchange_Rates.xcdatamodel */,
			);
			currentVersion = FCD0DEDF2600BA7A00CB4795 /* Exchange_Rates.xcdatamodel */;
			path = Exchange_Rates.xcdatamodeld;
			sourceTree = "<group>";
			versionGroupType = wrapper.xcdatamodel;
		};
/* End XCVersionGroup section */
	};
	rootObject = FCD0DECA2600BA7A00CB4795 /* Project object */;
}
